// !$*UTF8*$!
{
	archiveVersion = 1;
	classes = {
	};
	objectVersion = 46;
	objects = {

/* Begin PBXAggregateTarget section */
		1964A6DDA55955FE47D39F15 /* MIDIVisualizer - All */ = {
			isa = PBXAggregateTarget;
			buildConfigurationList = AAE5D59CFABDA59F5993CE0D;
			buildPhases = (
			);
			dependencies = (
				6BBE3E190CACB30CBCC6EB07,
				65B5BEB54AEEFE15817599CA,
			);
			name = "MIDIVisualizer - All";
			productName = MIDIVisualizer;
		};
/* End PBXAggregateTarget section */

/* Begin PBXBuildFile section */
		00186AF6A9A81109E22FF7C1 /* include_juce_audio_utils.mm */ = {isa = PBXBuildFile; fileRef = B533DD02010250579CBE7036; };
		05B56D27B799ED7763310AC4 /* include_juce_audio_devices.mm */ = {isa = PBXBuildFile; fileRef = ED2D42387E4D1C77D0E2870B; };
		1053D8F55F41F75273A6B2AA /* AudioToolbox.framework */ = {isa = PBXBuildFile; fileRef = 7377442DEA95D82A5F53622F; };
		12D359D2E65E4D064F665F0E /* include_juce_core.mm */ = {isa = PBXBuildFile; fileRef = 3A255C79F5C3CB19DA77D194; };
		168595D59475F58205FE4988 /* Accelerate.framework */ = {isa = PBXBuildFile; fileRef = 0EBB342113E66A69447C7EC0; };
		1CE011DD41F65D84FCF6AFFB /* Foundation.framework */ = {isa = PBXBuildFile; fileRef = B51674A14B1D709684E2C4AE; };
		225756D1E923B9CA924671FD /* include_juce_gui_basics.mm */ = {isa = PBXBuildFile; fileRef = B42DC2F63929D07A5EBA8C55; };
		234610FE955D5C32A0147B99 /* include_juce_audio_plugin_client_utils.cpp */ = {isa = PBXBuildFile; fileRef = 922B7BBD98D6C3851ADCC89C; };
		28932F5B9D44B0A1CF931B18 /* CoreAudio.framework */ = {isa = PBXBuildFile; fileRef = 9CFA0FA58C28593A0F0042C9; };
		343B0CBC31502F3C526F2218 /* Cocoa.framework */ = {isa = PBXBuildFile; fileRef = 5F62E8E3DE8A16D546A3E7D3; };
		37E706E1B64EBAB7D2486A74 /* Carbon.framework */ = {isa = PBXBuildFile; fileRef = 2600AF89954E6080C4E00F28; };
		46A20AA7754005E3E0A54FCC /* PluginProcessor.cpp */ = {isa = PBXBuildFile; fileRef = 70D76DC73350E61F839EE270; };
		4850E608AB7E7471B26F7121 /* QuartzCore.framework */ = {isa = PBXBuildFile; fileRef = 46B77814DB148F95DDACB4E3; };
		49AFA3210D204172807773A8 /* include_juce_graphics.mm */ = {isa = PBXBuildFile; fileRef = 6253C550F0A007840B8401E0; };
		4A501546DBC40124D0AB11DD /* Shared Code */ = {isa = PBXBuildFile; fileRef = 83A274E52E290662D07E5A5C; };
		50C6BBD5BD4BD389118F64E8 /* IOKit.framework */ = {isa = PBXBuildFile; fileRef = 7E963AECFCEE1B947BB5D6A5; };
		54B735B1B0D9C465961FCC73 /* BinaryData.cpp */ = {isa = PBXBuildFile; fileRef = D49374FFA6EC14AC564C7DA1; };
		5D62479BBB8A07BAF2B8DEE1 /* include_juce_audio_basics.mm */ = {isa = PBXBuildFile; fileRef = CF6578A053F2CB3020006F09; };
		6A5BDA0D6B4C574374676A00 /* include_juce_audio_plugin_client_AU_2.mm */ = {isa = PBXBuildFile; fileRef = 2BF30BC97AB88CA88AFD0B23; };
		7DA3054F5CE6681D437BC084 /* include_juce_events.mm */ = {isa = PBXBuildFile; fileRef = D89160341165FBCF1E6D9F9D; };
		7F7D7F7ADFA6742D89CAB86B /* include_juce_audio_plugin_client_VST_utils.mm */ = {isa = PBXBuildFile; fileRef = 3BE24AE4CC2F4743614DAE19; };
		99CA7A6F56BF8BBF923D3394 /* AudioUnit.framework */ = {isa = PBXBuildFile; fileRef = 8237ED4835456C38117DFE56; };
		A420B8760C7630CC149B5325 /* OpenGL.framework */ = {isa = PBXBuildFile; fileRef = A40D7A14211E9ECDF353D7DA; };
		AF8ED999C4DC8BAF5267B9D9 /* RecentFilesMenuTemplate.nib */ = {isa = PBXBuildFile; fileRef = A33A73D8A761174E4385797E; };
		B4B603883E93AB7E80302BAC /* PluginEditor.cpp */ = {isa = PBXBuildFile; fileRef = 5C3C9D36DF55E4BC4B882481; };
		B4C0DDEB1A91E6844E4E0F5E /* include_juce_gui_extra.mm */ = {isa = PBXBuildFile; fileRef = D261F3BAE08A8399511964B2; };
		C1F798DEFB0313665569A9C7 /* include_juce_audio_plugin_client_AU.r */ = {isa = PBXBuildFile; fileRef = 2094357FCB55B938D404EA37; };
		C98AA3EB5BC296400D9E95A6 /* AU */ = {isa = PBXBuildFile; fileRef = 8A1541FC6687E7866547B874; };
		D2CB3F342A4983053B4A1ED7 /* include_juce_audio_plugin_client_AU_1.mm */ = {isa = PBXBuildFile; fileRef = D61E4162BA927E961EEAAD0C; };
		D35AEEC752B95E12B8C96FEC /* WebKit.framework */ = {isa = PBXBuildFile; fileRef = 28C7906299C44CB6F1178AD4; };
		DC51E14710C98A8A53CF0E55 /* include_juce_audio_formats.mm */ = {isa = PBXBuildFile; fileRef = 43076F65657C6E8BD2E45F12; };
		E1365F51F02050D2906F55C5 /* CoreAudioKit.framework */ = {isa = PBXBuildFile; fileRef = 0EF0E05A06A3EAF209706FAE; };
		E30F56F94F3424B2A1D4B02F /* include_juce_data_structures.mm */ = {isa = PBXBuildFile; fileRef = 7360DE680B209FD2B3DE99FE; };
		E72820BC16EA84F8F3F71C84 /* DiscRecording.framework */ = {isa = PBXBuildFile; fileRef = 069C25F138D8454935508024; };
		F6918A69B81140B2559A65B8 /* include_juce_opengl.mm */ = {isa = PBXBuildFile; fileRef = 4A5BC1987470E279FCE52407; };
		F88FC70E26F92E6129570EC6 /* include_juce_audio_processors.mm */ = {isa = PBXBuildFile; fileRef = C6CDF4B6227D775BE70B804E; };
		FB09D782FBCF2C9191A0DF97 /* CoreMIDI.framework */ = {isa = PBXBuildFile; fileRef = 161CAC9AA9BEB14936E155EA; };
/* End PBXBuildFile section */

/* Begin PBXFileReference section */
		069C25F138D8454935508024 /* DiscRecording.framework */ /* DiscRecording.framework */ = {isa = PBXFileReference; lastKnownFileType = wrapper.framework; name = DiscRecording.framework; path = System/Library/Frameworks/DiscRecording.framework; sourceTree = SDKROOT; };
		0EBB342113E66A69447C7EC0 /* Accelerate.framework */ /* Accelerate.framework */ = {isa = PBXFileReference; lastKnownFileType = wrapper.framework; name = Accelerate.framework; path = System/Library/Frameworks/Accelerate.framework; sourceTree = SDKROOT; };
		0EF0E05A06A3EAF209706FAE /* CoreAudioKit.framework */ /* CoreAudioKit.framework */ = {isa = PBXFileReference; lastKnownFileType = wrapper.framework; name = CoreAudioKit.framework; path = System/Library/Frameworks/CoreAudioKit.framework; sourceTree = SDKROOT; };
		161CAC9AA9BEB14936E155EA /* CoreMIDI.framework */ /* CoreMIDI.framework */ = {isa = PBXFileReference; lastKnownFileType = wrapper.framework; name = CoreMIDI.framework; path = System/Library/Frameworks/CoreMIDI.framework; sourceTree = SDKROOT; };
		1A2D8E601229E5FC609DFF92 /* Info-AU.plist */ /* Info-AU.plist */ = {isa = PBXFileReference; lastKnownFileType = text.plist.xml; name = "Info-AU.plist"; path = "Info-AU.plist"; sourceTree = SOURCE_ROOT; };
		1CE868BAA3826D1895E8DBD1 /* Uniforms.h */ /* Uniforms.h */ = {isa = PBXFileReference; lastKnownFileType = sourcecode.c.h; name = Uniforms.h; path = ../../Source/Uniforms.h; sourceTree = SOURCE_ROOT; };
		2094357FCB55B938D404EA37 /* include_juce_audio_plugin_client_AU.r */ /* include_juce_audio_plugin_client_AU.r */ = {isa = PBXFileReference; lastKnownFileType = file.r; name = include_juce_audio_plugin_client_AU.r; path = ../../JuceLibraryCode/include_juce_audio_plugin_client_AU.r; sourceTree = SOURCE_ROOT; };
		23F31EE0B24FEF1AED05DFA7 /* juce_audio_formats */ /* juce_audio_formats */ = {isa = PBXFileReference; lastKnownFileType = folder; name = juce_audio_formats; path = "~/repos/JUCE/modules/juce_audio_formats"; sourceTree = "<absolute>"; };
		2600AF89954E6080C4E00F28 /* Carbon.framework */ /* Carbon.framework */ = {isa = PBXFileReference; lastKnownFileType = wrapper.framework; name = Carbon.framework; path = System/Library/Frameworks/Carbon.framework; sourceTree = SDKROOT; };
		2759FDB3F5A143BF89D441FE /* JuceHeader.h */ /* JuceHeader.h */ = {isa = PBXFileReference; lastKnownFileType = sourcecode.c.h; name = JuceHeader.h; path = ../../JuceLibraryCode/JuceHeader.h; sourceTree = SOURCE_ROOT; };
		28C7906299C44CB6F1178AD4 /* WebKit.framework */ /* WebKit.framework */ = {isa = PBXFileReference; lastKnownFileType = wrapper.framework; name = WebKit.framework; path = System/Library/Frameworks/WebKit.framework; sourceTree = SDKROOT; };
		2B23ACF434E9AF3C2988FC46 /* Textures.h */ /* Textures.h */ = {isa = PBXFileReference; lastKnownFileType = sourcecode.c.h; name = Textures.h; path = ../../Source/Textures.h; sourceTree = SOURCE_ROOT; };
		2B9EDAE4A1250F6307B96357 /* Vertex.h */ /* Vertex.h */ = {isa = PBXFileReference; lastKnownFileType = sourcecode.c.h; name = Vertex.h; path = ../../Source/Vertex.h; sourceTree = SOURCE_ROOT; };
		2BF30BC97AB88CA88AFD0B23 /* include_juce_audio_plugin_client_AU_2.mm */ /* include_juce_audio_plugin_client_AU_2.mm */ = {isa = PBXFileReference; lastKnownFileType = sourcecode.cpp.objcpp; name = include_juce_audio_plugin_client_AU_2.mm; path = ../../JuceLibraryCode/include_juce_audio_plugin_client_AU_2.mm; sourceTree = SOURCE_ROOT; };
		3072E21188856A5552B0C108 /* teapot.obj */ /* teapot.obj */ = {isa = PBXFileReference; lastKnownFileType = file.obj; name = teapot.obj; path = ../../Source/teapot.obj; sourceTree = SOURCE_ROOT; };
		313434AB12BAF76603AF0836 /* juce_gui_basics */ /* juce_gui_basics */ = {isa = PBXFileReference; lastKnownFileType = folder; name = juce_gui_basics; path = "~/repos/JUCE/modules/juce_gui_basics"; sourceTree = "<absolute>"; };
		329EAAEBD32A6E6A3223211A /* ShaderPreset.h */ /* ShaderPreset.h */ = {isa = PBXFileReference; lastKnownFileType = sourcecode.c.h; name = ShaderPreset.h; path = ../../Source/ShaderPreset.h; sourceTree = SOURCE_ROOT; };
		365786B88B56E0B25310DA78 /* PluginEditor.h */ /* PluginEditor.h */ = {isa = PBXFileReference; lastKnownFileType = sourcecode.c.h; name = PluginEditor.h; path = ../../Source/PluginEditor.h; sourceTree = SOURCE_ROOT; };
		3A255C79F5C3CB19DA77D194 /* include_juce_core.mm */ /* include_juce_core.mm */ = {isa = PBXFileReference; lastKnownFileType = sourcecode.cpp.objcpp; name = include_juce_core.mm; path = ../../JuceLibraryCode/include_juce_core.mm; sourceTree = SOURCE_ROOT; };
		3BE24AE4CC2F4743614DAE19 /* include_juce_audio_plugin_client_VST_utils.mm */ /* include_juce_audio_plugin_client_VST_utils.mm */ = {isa = PBXFileReference; lastKnownFileType = sourcecode.cpp.objcpp; name = include_juce_audio_plugin_client_VST_utils.mm; path = ../../JuceLibraryCode/include_juce_audio_plugin_client_VST_utils.mm; sourceTree = SOURCE_ROOT; };
		43076F65657C6E8BD2E45F12 /* include_juce_audio_formats.mm */ /* include_juce_audio_formats.mm */ = {isa = PBXFileReference; lastKnownFileType = sourcecode.cpp.objcpp; name = include_juce_audio_formats.mm; path = ../../JuceLibraryCode/include_juce_audio_formats.mm; sourceTree = SOURCE_ROOT; };
		46B77814DB148F95DDACB4E3 /* QuartzCore.framework */ /* QuartzCore.framework */ = {isa = PBXFileReference; lastKnownFileType = wrapper.framework; name = QuartzCore.framework; path = System/Library/Frameworks/QuartzCore.framework; sourceTree = SDKROOT; };
		4A5BC1987470E279FCE52407 /* include_juce_opengl.mm */ /* include_juce_opengl.mm */ = {isa = PBXFileReference; lastKnownFileType = sourcecode.cpp.objcpp; name = include_juce_opengl.mm; path = ../../JuceLibraryCode/include_juce_opengl.mm; sourceTree = SOURCE_ROOT; };
		4C4B68ED182DEA0F41DE5CC7 /* juce_audio_utils */ /* juce_audio_utils */ = {isa = PBXFileReference; lastKnownFileType = folder; name = juce_audio_utils; path = "~/repos/JUCE/modules/juce_audio_utils"; sourceTree = "<absolute>"; };
		53758E160761E4047E84071A /* Attributes.h */ /* Attributes.h */ = {isa = PBXFileReference; lastKnownFileType = sourcecode.c.h; name = Attributes.h; path = ../../Source/Attributes.h; sourceTree = SOURCE_ROOT; };
		5C3C9D36DF55E4BC4B882481 /* PluginEditor.cpp */ /* PluginEditor.cpp */ = {isa = PBXFileReference; lastKnownFileType = sourcecode.cpp.cpp; name = PluginEditor.cpp; path = ../../Source/PluginEditor.cpp; sourceTree = SOURCE_ROOT; };
		5CFACCE24A92AE86CB5853AF /* portmeirion.jpg */ /* portmeirion.jpg */ = {isa = PBXFileReference; lastKnownFileType = image.jpeg; name = portmeirion.jpg; path = ../../Source/portmeirion.jpg; sourceTree = SOURCE_ROOT; };
		5F62E8E3DE8A16D546A3E7D3 /* Cocoa.framework */ /* Cocoa.framework */ = {isa = PBXFileReference; lastKnownFileType = wrapper.framework; name = Cocoa.framework; path = System/Library/Frameworks/Cocoa.framework; sourceTree = SDKROOT; };
		6253C550F0A007840B8401E0 /* include_juce_graphics.mm */ /* include_juce_graphics.mm */ = {isa = PBXFileReference; lastKnownFileType = sourcecode.cpp.objcpp; name = include_juce_graphics.mm; path = ../../JuceLibraryCode/include_juce_graphics.mm; sourceTree = SOURCE_ROOT; };
		6C4209878F00CC210DF8E8E7 /* juce_audio_basics */ /* juce_audio_basics */ = {isa = PBXFileReference; lastKnownFileType = folder; name = juce_audio_basics; path = "~/repos/JUCE/modules/juce_audio_basics"; sourceTree = "<absolute>"; };
		6C7EB1C5C804243BAD63F089 /* juce_graphics */ /* juce_graphics */ = {isa = PBXFileReference; lastKnownFileType = folder; name = juce_graphics; path = "~/repos/JUCE/modules/juce_graphics"; sourceTree = "<absolute>"; };
		70D76DC73350E61F839EE270 /* PluginProcessor.cpp */ /* PluginProcessor.cpp */ = {isa = PBXFileReference; lastKnownFileType = sourcecode.cpp.cpp; name = PluginProcessor.cpp; path = ../../Source/PluginProcessor.cpp; sourceTree = SOURCE_ROOT; };
		7360DE680B209FD2B3DE99FE /* include_juce_data_structures.mm */ /* include_juce_data_structures.mm */ = {isa = PBXFileReference; lastKnownFileType = sourcecode.cpp.objcpp; name = include_juce_data_structures.mm; path = ../../JuceLibraryCode/include_juce_data_structures.mm; sourceTree = SOURCE_ROOT; };
		7377442DEA95D82A5F53622F /* AudioToolbox.framework */ /* AudioToolbox.framework */ = {isa = PBXFileReference; lastKnownFileType = wrapper.framework; name = AudioToolbox.framework; path = System/Library/Frameworks/AudioToolbox.framework; sourceTree = SDKROOT; };
		75E6F293490E3ADCC4D3899C /* juce_data_structures */ /* juce_data_structures */ = {isa = PBXFileReference; lastKnownFileType = folder; name = juce_data_structures; path = "~/repos/JUCE/modules/juce_data_structures"; sourceTree = "<absolute>"; };
		7C774157710EE46D216C59BA /* pianokey_rectangle.obj */ /* pianokey_rectangle.obj */ = {isa = PBXFileReference; lastKnownFileType = file.obj; name = pianokey_rectangle.obj; path = ../../Source/pianokey_rectangle.obj; sourceTree = SOURCE_ROOT; };
		7DB53094EA20969943A67ADD /* BinaryData.h */ /* BinaryData.h */ = {isa = PBXFileReference; lastKnownFileType = sourcecode.c.h; name = BinaryData.h; path = ../../JuceLibraryCode/BinaryData.h; sourceTree = SOURCE_ROOT; };
		7E963AECFCEE1B947BB5D6A5 /* IOKit.framework */ /* IOKit.framework */ = {isa = PBXFileReference; lastKnownFileType = wrapper.framework; name = IOKit.framework; path = System/Library/Frameworks/IOKit.framework; sourceTree = SDKROOT; };
		7F1CB9D642C78AB3B311F846 /* JucePluginDefines.h */ /* JucePluginDefines.h */ = {isa = PBXFileReference; lastKnownFileType = sourcecode.c.h; name = JucePluginDefines.h; path = ../../JuceLibraryCode/JucePluginDefines.h; sourceTree = SOURCE_ROOT; };
		8237ED4835456C38117DFE56 /* AudioUnit.framework */ /* AudioUnit.framework */ = {isa = PBXFileReference; lastKnownFileType = wrapper.framework; name = AudioUnit.framework; path = System/Library/Frameworks/AudioUnit.framework; sourceTree = SDKROOT; };
		83987A1E96744AFB2E88F42F /* juce_core */ /* juce_core */ = {isa = PBXFileReference; lastKnownFileType = folder; name = juce_core; path = "~/repos/JUCE/modules/juce_core"; sourceTree = "<absolute>"; };
		83A274E52E290662D07E5A5C /* Shared Code */ = {isa = PBXFileReference; explicitFileType = archive.ar; includeInIndex = 0; path = libMIDIVisualizer.a; sourceTree = BUILT_PRODUCTS_DIR; };
		893377E7EA615BA1401745AC /* juce_opengl */ /* juce_opengl */ = {isa = PBXFileReference; lastKnownFileType = folder; name = juce_opengl; path = "~/repos/JUCE/modules/juce_opengl"; sourceTree = "<absolute>"; };
		8A1541FC6687E7866547B874 /* AU */ = {isa = PBXFileReference; explicitFileType = wrapper.cfbundle; includeInIndex = 0; path = MIDIVisualizer.component; sourceTree = BUILT_PRODUCTS_DIR; };
		922B7BBD98D6C3851ADCC89C /* include_juce_audio_plugin_client_utils.cpp */ /* include_juce_audio_plugin_client_utils.cpp */ = {isa = PBXFileReference; lastKnownFileType = sourcecode.cpp.cpp; name = include_juce_audio_plugin_client_utils.cpp; path = ../../JuceLibraryCode/include_juce_audio_plugin_client_utils.cpp; sourceTree = SOURCE_ROOT; };
		9CFA0FA58C28593A0F0042C9 /* CoreAudio.framework */ /* CoreAudio.framework */ = {isa = PBXFileReference; lastKnownFileType = wrapper.framework; name = CoreAudio.framework; path = System/Library/Frameworks/CoreAudio.framework; sourceTree = SDKROOT; };
		A096082AC90CCE0D577B1922 /* juce_audio_plugin_client */ /* juce_audio_plugin_client */ = {isa = PBXFileReference; lastKnownFileType = folder; name = juce_audio_plugin_client; path = "~/repos/JUCE/modules/juce_audio_plugin_client"; sourceTree = "<absolute>"; };
		A33A73D8A761174E4385797E /* RecentFilesMenuTemplate.nib */ /* RecentFilesMenuTemplate.nib */ = {isa = PBXFileReference; lastKnownFileType = file.nib; name = RecentFilesMenuTemplate.nib; path = RecentFilesMenuTemplate.nib; sourceTree = SOURCE_ROOT; };
		A40D7A14211E9ECDF353D7DA /* OpenGL.framework */ /* OpenGL.framework */ = {isa = PBXFileReference; lastKnownFileType = wrapper.framework; name = OpenGL.framework; path = System/Library/Frameworks/OpenGL.framework; sourceTree = SDKROOT; };
		AE1411F7890D9A3CBD46EC8C /* WavefrontObjParser.h */ /* WavefrontObjParser.h */ = {isa = PBXFileReference; lastKnownFileType = sourcecode.c.h; name = WavefrontObjParser.h; path = ../../Source/WavefrontObjParser.h; sourceTree = SOURCE_ROOT; };
		B42DC2F63929D07A5EBA8C55 /* include_juce_gui_basics.mm */ /* include_juce_gui_basics.mm */ = {isa = PBXFileReference; lastKnownFileType = sourcecode.cpp.objcpp; name = include_juce_gui_basics.mm; path = ../../JuceLibraryCode/include_juce_gui_basics.mm; sourceTree = SOURCE_ROOT; };
		B51674A14B1D709684E2C4AE /* Foundation.framework */ /* Foundation.framework */ = {isa = PBXFileReference; lastKnownFileType = wrapper.framework; name = Foundation.framework; path = System/Library/Frameworks/Foundation.framework; sourceTree = SDKROOT; };
		B533DD02010250579CBE7036 /* include_juce_audio_utils.mm */ /* include_juce_audio_utils.mm */ = {isa = PBXFileReference; lastKnownFileType = sourcecode.cpp.objcpp; name = include_juce_audio_utils.mm; path = ../../JuceLibraryCode/include_juce_audio_utils.mm; sourceTree = SOURCE_ROOT; };
		C6CDF4B6227D775BE70B804E /* include_juce_audio_processors.mm */ /* include_juce_audio_processors.mm */ = {isa = PBXFileReference; lastKnownFileType = sourcecode.cpp.objcpp; name = include_juce_audio_processors.mm; path = ../../JuceLibraryCode/include_juce_audio_processors.mm; sourceTree = SOURCE_ROOT; };
		C95996FAC3D26F1649D54DFB /* juce_audio_devices */ /* juce_audio_devices */ = {isa = PBXFileReference; lastKnownFileType = folder; name = juce_audio_devices; path = "~/repos/JUCE/modules/juce_audio_devices"; sourceTree = "<absolute>"; };
		C964625EEC7663A1DEF14419 /* PluginProcessor.h */ /* PluginProcessor.h */ = {isa = PBXFileReference; lastKnownFileType = sourcecode.c.h; name = PluginProcessor.h; path = ../../Source/PluginProcessor.h; sourceTree = SOURCE_ROOT; };
		CBE05A08B1BF77EB657BB097 /* Shape.h */ /* Shape.h */ = {isa = PBXFileReference; lastKnownFileType = sourcecode.c.h; name = Shape.h; path = ../../Source/Shape.h; sourceTree = SOURCE_ROOT; };
		CED7222C582C161460F8DAF1 /* juce_events */ /* juce_events */ = {isa = PBXFileReference; lastKnownFileType = folder; name = juce_events; path = "~/repos/JUCE/modules/juce_events"; sourceTree = "<absolute>"; };
		CF6578A053F2CB3020006F09 /* include_juce_audio_basics.mm */ /* include_juce_audio_basics.mm */ = {isa = PBXFileReference; lastKnownFileType = sourcecode.cpp.objcpp; name = include_juce_audio_basics.mm; path = ../../JuceLibraryCode/include_juce_audio_basics.mm; sourceTree = SOURCE_ROOT; };
		CFE07FCD2AC665D350145527 /* GLUtils.h */ /* GLUtils.h */ = {isa = PBXFileReference; lastKnownFileType = sourcecode.c.h; name = GLUtils.h; path = ../../Source/GLUtils.h; sourceTree = SOURCE_ROOT; };
		D261F3BAE08A8399511964B2 /* include_juce_gui_extra.mm */ /* include_juce_gui_extra.mm */ = {isa = PBXFileReference; lastKnownFileType = sourcecode.cpp.objcpp; name = include_juce_gui_extra.mm; path = ../../JuceLibraryCode/include_juce_gui_extra.mm; sourceTree = SOURCE_ROOT; };
		D49374FFA6EC14AC564C7DA1 /* BinaryData.cpp */ /* BinaryData.cpp */ = {isa = PBXFileReference; lastKnownFileType = sourcecode.cpp.cpp; name = BinaryData.cpp; path = ../../JuceLibraryCode/BinaryData.cpp; sourceTree = SOURCE_ROOT; };
		D61E4162BA927E961EEAAD0C /* include_juce_audio_plugin_client_AU_1.mm */ /* include_juce_audio_plugin_client_AU_1.mm */ = {isa = PBXFileReference; lastKnownFileType = sourcecode.cpp.objcpp; name = include_juce_audio_plugin_client_AU_1.mm; path = ../../JuceLibraryCode/include_juce_audio_plugin_client_AU_1.mm; sourceTree = SOURCE_ROOT; };
		D89160341165FBCF1E6D9F9D /* include_juce_events.mm */ /* include_juce_events.mm */ = {isa = PBXFileReference; lastKnownFileType = sourcecode.cpp.objcpp; name = include_juce_events.mm; path = ../../JuceLibraryCode/include_juce_events.mm; sourceTree = SOURCE_ROOT; };
		E889540DD601CC0F4CB8573D /* juce_gui_extra */ /* juce_gui_extra */ = {isa = PBXFileReference; lastKnownFileType = folder; name = juce_gui_extra; path = "~/repos/JUCE/modules/juce_gui_extra"; sourceTree = "<absolute>"; };
		ED2D42387E4D1C77D0E2870B /* include_juce_audio_devices.mm */ /* include_juce_audio_devices.mm */ = {isa = PBXFileReference; lastKnownFileType = sourcecode.cpp.objcpp; name = include_juce_audio_devices.mm; path = ../../JuceLibraryCode/include_juce_audio_devices.mm; sourceTree = SOURCE_ROOT; };
		F3E91534853E4DF20EEA8ECB /* juce_audio_processors */ /* juce_audio_processors */ = {isa = PBXFileReference; lastKnownFileType = folder; name = juce_audio_processors; path = "~/repos/JUCE/modules/juce_audio_processors"; sourceTree = "<absolute>"; };
/* End PBXFileReference section */

/* Begin PBXFrameworksBuildPhase section */
		351027A426341E1C5FB1B82F = {
			isa = PBXFrameworksBuildPhase;
			buildActionMask = 2147483647;
			files = (
				99CA7A6F56BF8BBF923D3394,
				168595D59475F58205FE4988,
				1053D8F55F41F75273A6B2AA,
				37E706E1B64EBAB7D2486A74,
				343B0CBC31502F3C526F2218,
				28932F5B9D44B0A1CF931B18,
				E1365F51F02050D2906F55C5,
				FB09D782FBCF2C9191A0DF97,
				E72820BC16EA84F8F3F71C84,
				1CE011DD41F65D84FCF6AFFB,
				50C6BBD5BD4BD389118F64E8,
				A420B8760C7630CC149B5325,
				4850E608AB7E7471B26F7121,
				D35AEEC752B95E12B8C96FEC,
			);
			runOnlyForDeploymentPostprocessing = 0;
		};
/* End PBXFrameworksBuildPhase section */

/* Begin PBXGroup section */
		0530E375B4952DA4148C6120 /* Source */ = {
			isa = PBXGroup;
			children = (
				609F8BA2CF4FAE28852AE7FD,
				1D100DE1F0F5A3EDCACF7354,
				AC90FA8729D86A70AFE888A6,
				B182853E8E32E4D37F51C4C0,
				F949198866EEC55EEABA2345,
				42A26BA0FDB4856AABE5E1D6,
			);
			name = Source;
			sourceTree = "<group>";
		};
		1D100DE1F0F5A3EDCACF7354 /* JUCE Modules */ = {
			isa = PBXGroup;
			children = (
				6C4209878F00CC210DF8E8E7,
				C95996FAC3D26F1649D54DFB,
				23F31EE0B24FEF1AED05DFA7,
				A096082AC90CCE0D577B1922,
				F3E91534853E4DF20EEA8ECB,
				4C4B68ED182DEA0F41DE5CC7,
				83987A1E96744AFB2E88F42F,
				75E6F293490E3ADCC4D3899C,
				CED7222C582C161460F8DAF1,
				6C7EB1C5C804243BAD63F089,
				313434AB12BAF76603AF0836,
				E889540DD601CC0F4CB8573D,
				893377E7EA615BA1401745AC,
			);
			name = "JUCE Modules";
			sourceTree = "<group>";
		};
		42A26BA0FDB4856AABE5E1D6 /* Products */ = {
			isa = PBXGroup;
			children = (
				8A1541FC6687E7866547B874,
				83A274E52E290662D07E5A5C,
			);
			name = Products;
			sourceTree = "<group>";
		};
		609F8BA2CF4FAE28852AE7FD /* MIDIVisualizer */ = {
			isa = PBXGroup;
			children = (
				6D9FE65A885E60AC869F4BF9,
			);
			name = MIDIVisualizer;
			sourceTree = "<group>";
		};
		6D9FE65A885E60AC869F4BF9 /* Source */ = {
			isa = PBXGroup;
			children = (
				53758E160761E4047E84071A,
				CFE07FCD2AC665D350145527,
				7C774157710EE46D216C59BA,
				5CFACCE24A92AE86CB5853AF,
				329EAAEBD32A6E6A3223211A,
				CBE05A08B1BF77EB657BB097,
				3072E21188856A5552B0C108,
				2B23ACF434E9AF3C2988FC46,
				1CE868BAA3826D1895E8DBD1,
				2B9EDAE4A1250F6307B96357,
				AE1411F7890D9A3CBD46EC8C,
				70D76DC73350E61F839EE270,
				C964625EEC7663A1DEF14419,
				5C3C9D36DF55E4BC4B882481,
				365786B88B56E0B25310DA78,
			);
			name = Source;
			sourceTree = "<group>";
		};
		AC90FA8729D86A70AFE888A6 /* JUCE Library Code */ = {
			isa = PBXGroup;
			children = (
				D49374FFA6EC14AC564C7DA1,
				7DB53094EA20969943A67ADD,
				CF6578A053F2CB3020006F09,
				ED2D42387E4D1C77D0E2870B,
				43076F65657C6E8BD2E45F12,
				2094357FCB55B938D404EA37,
				D61E4162BA927E961EEAAD0C,
				2BF30BC97AB88CA88AFD0B23,
				922B7BBD98D6C3851ADCC89C,
				3BE24AE4CC2F4743614DAE19,
				C6CDF4B6227D775BE70B804E,
				B533DD02010250579CBE7036,
				3A255C79F5C3CB19DA77D194,
				7360DE680B209FD2B3DE99FE,
				D89160341165FBCF1E6D9F9D,
				6253C550F0A007840B8401E0,
				B42DC2F63929D07A5EBA8C55,
				D261F3BAE08A8399511964B2,
				4A5BC1987470E279FCE52407,
				2759FDB3F5A143BF89D441FE,
				7F1CB9D642C78AB3B311F846,
			);
			name = "JUCE Library Code";
			sourceTree = "<group>";
		};
		B182853E8E32E4D37F51C4C0 /* Resources */ = {
			isa = PBXGroup;
			children = (
				1A2D8E601229E5FC609DFF92,
				A33A73D8A761174E4385797E,
			);
			name = Resources;
			sourceTree = "<group>";
		};
		F949198866EEC55EEABA2345 /* Frameworks */ = {
			isa = PBXGroup;
			children = (
				8237ED4835456C38117DFE56,
				0EBB342113E66A69447C7EC0,
				7377442DEA95D82A5F53622F,
				2600AF89954E6080C4E00F28,
				5F62E8E3DE8A16D546A3E7D3,
				9CFA0FA58C28593A0F0042C9,
				0EF0E05A06A3EAF209706FAE,
				161CAC9AA9BEB14936E155EA,
				069C25F138D8454935508024,
				B51674A14B1D709684E2C4AE,
				7E963AECFCEE1B947BB5D6A5,
				A40D7A14211E9ECDF353D7DA,
				46B77814DB148F95DDACB4E3,
				28C7906299C44CB6F1178AD4,
			);
			name = Frameworks;
			sourceTree = "<group>";
		};
/* End PBXGroup section */

/* Begin PBXNativeTarget section */
		A7D2A3FAA121EE5FB898EEAA /* MIDIVisualizer - AU */ = {
			isa = PBXNativeTarget;
			buildConfigurationList = 3975F3C23E7E4144C8A75F9B;
			buildPhases = (
				2C1DC78E5A83CC9931F21568,
				5A72F458E9653EB9CC0ECB6C,
				A86E56BEE92D663EAC71C6A5,
				351027A426341E1C5FB1B82F,
			);
			buildRules = (
			);
			dependencies = (
				8624FD2BF36FCC62AF8CAAB1,
			);
			name = "MIDIVisualizer - AU";
			productName = MIDIVisualizer;
			productReference = 8A1541FC6687E7866547B874;
			productType = "com.apple.product-type.bundle";
		};
		B240459544569A25986C674A /* MIDIVisualizer - Shared Code */ = {
			isa = PBXNativeTarget;
			buildConfigurationList = 7EEC32F9AAFEFD62CFE6D37D;
			buildPhases = (
				B66E790B889D958E8D49151E,
			);
			buildRules = (
			);
			dependencies = (
			);
			name = "MIDIVisualizer - Shared Code";
			productName = MIDIVisualizer;
			productReference = 83A274E52E290662D07E5A5C;
			productType = "com.apple.product-type.library.static";
		};
/* End PBXNativeTarget section */

/* Begin PBXProject section */
		EE9AB6AD16A3A66202C37D18 = {
			isa = PBXProject;
			attributes = {
				LastUpgradeCheck = 1300;
				ORGANIZATIONNAME = "";
				TargetAttributes = {
					1964A6DDA55955FE47D39F15 = {
						SystemCapabilities = {
							com.apple.ApplicationGroups.iOS = {
								enabled = 0;
							};
							com.apple.HardenedRuntime = {
								enabled = 0;
							};
							com.apple.InAppPurchase = {
								enabled = 0;
							};
							com.apple.InterAppAudio = {
								enabled = 0;
							};
							com.apple.Push = {
								enabled = 0;
							};
							com.apple.Sandbox = {
								enabled = 0;
							};
						};
					};
					A7D2A3FAA121EE5FB898EEAA = {
						SystemCapabilities = {
							com.apple.ApplicationGroups.iOS = {
								enabled = 0;
							};
							com.apple.HardenedRuntime = {
								enabled = 0;
							};
							com.apple.InAppPurchase = {
								enabled = 0;
							};
							com.apple.InterAppAudio = {
								enabled = 0;
							};
							com.apple.Push = {
								enabled = 0;
							};
							com.apple.Sandbox = {
								enabled = 0;
							};
						};
					};
					B240459544569A25986C674A = {
						SystemCapabilities = {
							com.apple.ApplicationGroups.iOS = {
								enabled = 0;
							};
							com.apple.HardenedRuntime = {
								enabled = 0;
							};
							com.apple.InAppPurchase = {
								enabled = 0;
							};
							com.apple.InterAppAudio = {
								enabled = 0;
							};
							com.apple.Push = {
								enabled = 0;
							};
							com.apple.Sandbox = {
								enabled = 0;
							};
						};
					};
				};
			};
			buildConfigurationList = CE7C2BDC67A3911F8DC9BEEE;
			compatibilityVersion = "Xcode 3.2";
			hasScannedForEncodings = 0;
			knownRegions = (
				en,
				Base,
			);
			mainGroup = 0530E375B4952DA4148C6120;
			projectDirPath = "";
			projectRoot = "";
			targets = (
				1964A6DDA55955FE47D39F15,
				A7D2A3FAA121EE5FB898EEAA,
				B240459544569A25986C674A,
			);
		};
/* End PBXProject section */

/* Begin PBXResourcesBuildPhase section */
		2C1DC78E5A83CC9931F21568 = {
			isa = PBXResourcesBuildPhase;
			buildActionMask = 2147483647;
			files = (
				AF8ED999C4DC8BAF5267B9D9,
			);
			runOnlyForDeploymentPostprocessing = 0;
		};
/* End PBXResourcesBuildPhase section */

/* Begin PBXRezBuildPhase section */
		5A72F458E9653EB9CC0ECB6C = {
			isa = PBXRezBuildPhase;
			buildActionMask = 2147483647;
			files = (
				C1F798DEFB0313665569A9C7,
			);
			runOnlyForDeploymentPostprocessing = 0;
		};
/* End PBXRezBuildPhase section */

/* Begin PBXSourcesBuildPhase section */
		A86E56BEE92D663EAC71C6A5 = {
			isa = PBXSourcesBuildPhase;
			buildActionMask = 2147483647;
			files = (
				D2CB3F342A4983053B4A1ED7,
				6A5BDA0D6B4C574374676A00,
			);
			runOnlyForDeploymentPostprocessing = 0;
		};
		B66E790B889D958E8D49151E = {
			isa = PBXSourcesBuildPhase;
			buildActionMask = 2147483647;
			files = (
				46A20AA7754005E3E0A54FCC,
				B4B603883E93AB7E80302BAC,
				54B735B1B0D9C465961FCC73,
				5D62479BBB8A07BAF2B8DEE1,
				05B56D27B799ED7763310AC4,
				DC51E14710C98A8A53CF0E55,
				234610FE955D5C32A0147B99,
				7F7D7F7ADFA6742D89CAB86B,
				F88FC70E26F92E6129570EC6,
				00186AF6A9A81109E22FF7C1,
				12D359D2E65E4D064F665F0E,
				E30F56F94F3424B2A1D4B02F,
				7DA3054F5CE6681D437BC084,
				49AFA3210D204172807773A8,
				225756D1E923B9CA924671FD,
				B4C0DDEB1A91E6844E4E0F5E,
				F6918A69B81140B2559A65B8,
			);
			runOnlyForDeploymentPostprocessing = 0;
		};
/* End PBXSourcesBuildPhase section */

/* Begin PBXTargetDependency section */
		65B5BEB54AEEFE15817599CA = {
			isa = PBXTargetDependency;
			target = B240459544569A25986C674A;
		};
		6BBE3E190CACB30CBCC6EB07 = {
			isa = PBXTargetDependency;
			target = A7D2A3FAA121EE5FB898EEAA;
		};
		8624FD2BF36FCC62AF8CAAB1 = {
			isa = PBXTargetDependency;
			target = B240459544569A25986C674A;
		};
/* End PBXTargetDependency section */

/* Begin XCBuildConfiguration section */
		4829B1F63212D224602BE600 /* Release */ = {
			isa = XCBuildConfiguration;
			buildSettings = {
				ALWAYS_SEARCH_USER_PATHS = NO;
				CLANG_ENABLE_OBJC_WEAK = YES;
				CLANG_WARN_BLOCK_CAPTURE_AUTORELEASING = YES;
				CLANG_WARN_BOOL_CONVERSION = YES;
				CLANG_WARN_COMMA = YES;
				CLANG_WARN_CONSTANT_CONVERSION = YES;
				CLANG_WARN_DEPRECATED_OBJC_IMPLEMENTATIONS = YES;
				CLANG_WARN_EMPTY_BODY = YES;
				CLANG_WARN_ENUM_CONVERSION = YES;
				CLANG_WARN_INFINITE_RECURSION = YES;
				CLANG_WARN_INT_CONVERSION = YES;
				CLANG_WARN_NON_LITERAL_NULL_CONVERSION = YES;
				CLANG_WARN_OBJC_IMPLICIT_RETAIN_SELF = YES;
				CLANG_WARN_OBJC_LITERAL_CONVERSION = YES;
				CLANG_WARN_RANGE_LOOP_ANALYSIS = YES;
				CLANG_WARN_STRICT_PROTOTYPES = YES;
				CLANG_WARN_SUSPICIOUS_MOVE = YES;
				CLANG_WARN_UNREACHABLE_CODE = YES;
				CLANG_WARN__DUPLICATE_METHOD_MATCH = YES;
				CODE_SIGN_IDENTITY = "";
				DEBUG_INFORMATION_FORMAT = dwarf;
				ENABLE_STRICT_OBJC_MSGSEND = YES;
				ENABLE_TESTABILITY = NO;
				GCC_C_LANGUAGE_STANDARD = c11;
				GCC_INLINES_ARE_PRIVATE_EXTERN = YES;
				GCC_MODEL_TUNING = G5;
				GCC_NO_COMMON_BLOCKS = YES;
				GCC_SYMBOLS_PRIVATE_EXTERN = YES;
				GCC_WARN_64_TO_32_BIT_CONVERSION = YES;
				GCC_WARN_ABOUT_RETURN_TYPE = YES;
				GCC_WARN_CHECK_SWITCH_STATEMENTS = YES;
				GCC_WARN_MISSING_PARENTHESES = YES;
				GCC_WARN_NON_VIRTUAL_DESTRUCTOR = YES;
				GCC_WARN_TYPECHECK_CALLS_TO_PRINTF = YES;
				GCC_WARN_UNDECLARED_SELECTOR = YES;
				GCC_WARN_UNINITIALIZED_AUTOS = YES;
				GCC_WARN_UNUSED_FUNCTION = YES;
				GCC_WARN_UNUSED_VARIABLE = YES;
				PRODUCT_NAME = "MIDIVisualizer";
				SDKROOT = macosx;
				WARNING_CFLAGS = "-Wreorder";
				ZERO_LINK = NO;
			};
			name = Release;
		};
		4A9E70164AB84EEED552BE5D /* Release */ = {
			isa = XCBuildConfiguration;
			buildSettings = {
				CLANG_CXX_LANGUAGE_STANDARD = "c++14";
				CLANG_CXX_LIBRARY = "libc++";
				CLANG_LINK_OBJC_RUNTIME = NO;
				CODE_SIGN_IDENTITY = "";
				COMBINE_HIDPI_IMAGES = YES;
				CONFIGURATION_BUILD_DIR = "$(PROJECT_DIR)/build/$(CONFIGURATION)";
				DEAD_CODE_STRIPPING = YES;
				DEPLOYMENT_LOCATION = YES;
				DSTROOT = /;
				GCC_GENERATE_DEBUGGING_SYMBOLS = NO;
				GCC_OPTIMIZATION_LEVEL = 3;
				GCC_PREPROCESSOR_DEFINITIONS = (
					"_NDEBUG=1",
					"NDEBUG=1",
					"JUCE_DISPLAY_SPLASH_SCREEN=0",
					"JUCE_USE_DARK_SPLASH_SCREEN=1",
					"JUCE_PROJUCER_VERSION=0x60102",
					"JUCE_MODULE_AVAILABLE_juce_audio_basics=1",
					"JUCE_MODULE_AVAILABLE_juce_audio_devices=1",
					"JUCE_MODULE_AVAILABLE_juce_audio_formats=1",
					"JUCE_MODULE_AVAILABLE_juce_audio_plugin_client=1",
					"JUCE_MODULE_AVAILABLE_juce_audio_processors=1",
					"JUCE_MODULE_AVAILABLE_juce_audio_utils=1",
					"JUCE_MODULE_AVAILABLE_juce_core=1",
					"JUCE_MODULE_AVAILABLE_juce_data_structures=1",
					"JUCE_MODULE_AVAILABLE_juce_events=1",
					"JUCE_MODULE_AVAILABLE_juce_graphics=1",
					"JUCE_MODULE_AVAILABLE_juce_gui_basics=1",
					"JUCE_MODULE_AVAILABLE_juce_gui_extra=1",
					"JUCE_MODULE_AVAILABLE_juce_opengl=1",
					"JUCE_GLOBAL_MODULE_SETTINGS_INCLUDED=1",
					"JUCE_VST3_CAN_REPLACE_VST2=0",
					"JUCE_STRICT_REFCOUNTEDPOINTER=1",
					"JucePlugin_Build_VST=0",
					"JucePlugin_Build_VST3=0",
					"JucePlugin_Build_AU=1",
					"JucePlugin_Build_AUv3=0",
					"JucePlugin_Build_RTAS=0",
					"JucePlugin_Build_AAX=0",
					"JucePlugin_Build_Standalone=0",
					"JucePlugin_Build_Unity=0",
					"JucePlugin_Enable_IAA=0",
					"JucePlugin_Name=\\\"MIDIVisualizer\\\"",
					"JucePlugin_Desc=\\\"MIDIVisualizer\\\"",
					"JucePlugin_Manufacturer=\\\"yourcompany\\\"",
					"JucePlugin_ManufacturerWebsite=\\\"\\\"",
					"JucePlugin_ManufacturerEmail=\\\"\\\"",
					"JucePlugin_ManufacturerCode=0x4d616e75",
					"JucePlugin_PluginCode=0x56396869",
					"JucePlugin_IsSynth=1",
					"JucePlugin_WantsMidiInput=1",
					"JucePlugin_ProducesMidiOutput=1",
					"JucePlugin_IsMidiEffect=1",
					"JucePlugin_EditorRequiresKeyboardFocus=0",
					"JucePlugin_Version=1.0.0",
					"JucePlugin_VersionCode=0x10000",
					"JucePlugin_VersionString=\\\"1.0.0\\\"",
					"JucePlugin_VSTUniqueID=JucePlugin_PluginCode",
					"JucePlugin_VSTCategory=kPlugCategSynth",
					"JucePlugin_Vst3Category=\\\"Instrument|Synth\\\"",
					"JucePlugin_AUMainType='aumi'",
					"JucePlugin_AUSubType=JucePlugin_PluginCode",
					"JucePlugin_AUExportPrefix=MIDIVisualizerAU",
					"JucePlugin_AUExportPrefixQuoted=\\\"MIDIVisualizerAU\\\"",
					"JucePlugin_AUManufacturerCode=JucePlugin_ManufacturerCode",
					"JucePlugin_CFBundleIdentifier=com.yourcompany.MIDIVisualizer",
					"JucePlugin_RTASCategory=2048",
					"JucePlugin_RTASManufacturerCode=JucePlugin_ManufacturerCode",
					"JucePlugin_RTASProductId=JucePlugin_PluginCode",
					"JucePlugin_RTASDisableBypass=0",
					"JucePlugin_RTASDisableMultiMono=0",
					"JucePlugin_AAXIdentifier=com.yourcompany.MIDIVisualizer",
					"JucePlugin_AAXManufacturerCode=JucePlugin_ManufacturerCode",
					"JucePlugin_AAXProductId=JucePlugin_PluginCode",
					"JucePlugin_AAXCategory=2048",
					"JucePlugin_AAXDisableBypass=0",
					"JucePlugin_AAXDisableMultiMono=0",
					"JucePlugin_IAAType=0x61757269",
					"JucePlugin_IAASubType=JucePlugin_PluginCode",
					"JucePlugin_IAAName=\\\"yourcompany:\\ MIDIVisualizer\\\"",
					"JucePlugin_VSTNumMidiInputs=16",
					"JucePlugin_VSTNumMidiOutputs=16",
					"JUCE_STANDALONE_APPLICATION=JucePlugin_Build_Standalone",
					"JUCER_XCODE_MAC_F6D2F4CF=1",
					"JUCE_APP_VERSION=1.0.0",
					"JUCE_APP_VERSION_HEX=0x10000",
				);
				GCC_VERSION = com.apple.compilers.llvm.clang.1_0;
				GENERATE_PKGINFO_FILE = YES;
				HEADER_SEARCH_PATHS = (
					"$(SRCROOT)/../../JuceLibraryCode",
					"$(HOME)/repos/JUCE/modules",
					"$(HOME)/repos/JUCE/modules/juce_audio_plugin_client",
					"$(inherited)",
				);
				INFOPLIST_FILE = Info-AU.plist;
				INFOPLIST_PREPROCESS = NO;
				INSTALL_PATH = "/Library/Audio/Plug-Ins/Components";
				LIBRARY_STYLE = Bundle;
				LLVM_LTO = YES;
				MACOSX_DEPLOYMENT_TARGET = 10.11;
				MTL_HEADER_SEARCH_PATHS = "$(SRCROOT)/../../JuceLibraryCode $(HOME)/repos/JUCE/modules $(HOME)/repos/JUCE/modules/juce_audio_plugin_client";
				OTHER_LDFLAGS = "-bundle -lMIDIVisualizer";
				OTHER_REZFLAGS = "-d ppc_$ppc -d i386_$i386 -d ppc64_$ppc64 -d x86_64_$x86_64 -d arm64_$arm64 -I /System/Library/Frameworks/CoreServices.framework/Frameworks/CarbonCore.framework/Versions/A/Headers -I \"$(DEVELOPER_DIR)/Extras/CoreAudio/AudioUnits/AUPublic/AUBase\" -I \"$(DEVELOPER_DIR)/Platforms/MacOSX.platform/Developer/SDKs/MacOSX.sdk/System/Library/Frameworks/AudioUnit.framework/Headers\"";
				PRODUCT_BUNDLE_IDENTIFIER = com.yourcompany.MIDIVisualizer;
				PRODUCT_NAME = "MIDIVisualizer";
				USE_HEADERMAP = NO;
				VALIDATE_WORKSPACE_SKIPPED_SDK_FRAMEWORKS = OpenGL;
				VALID_ARCHS = "i386 x86_64 arm64 arm64e";
				WRAPPER_EXTENSION = component;
			};
			name = Release;
		};
		94E197BD5C8465B3483DC2FD /* Debug */ = {
			isa = XCBuildConfiguration;
			buildSettings = {
				ALWAYS_SEARCH_USER_PATHS = NO;
				CLANG_ENABLE_OBJC_WEAK = YES;
				CLANG_WARN_BLOCK_CAPTURE_AUTORELEASING = YES;
				CLANG_WARN_BOOL_CONVERSION = YES;
				CLANG_WARN_COMMA = YES;
				CLANG_WARN_CONSTANT_CONVERSION = YES;
				CLANG_WARN_DEPRECATED_OBJC_IMPLEMENTATIONS = YES;
				CLANG_WARN_EMPTY_BODY = YES;
				CLANG_WARN_ENUM_CONVERSION = YES;
				CLANG_WARN_INFINITE_RECURSION = YES;
				CLANG_WARN_INT_CONVERSION = YES;
				CLANG_WARN_NON_LITERAL_NULL_CONVERSION = YES;
				CLANG_WARN_OBJC_IMPLICIT_RETAIN_SELF = YES;
				CLANG_WARN_OBJC_LITERAL_CONVERSION = YES;
				CLANG_WARN_RANGE_LOOP_ANALYSIS = YES;
				CLANG_WARN_STRICT_PROTOTYPES = YES;
				CLANG_WARN_SUSPICIOUS_MOVE = YES;
				CLANG_WARN_UNREACHABLE_CODE = YES;
				CLANG_WARN__DUPLICATE_METHOD_MATCH = YES;
				CODE_SIGN_IDENTITY = "";
				DEBUG_INFORMATION_FORMAT = dwarf;
				ENABLE_STRICT_OBJC_MSGSEND = YES;
				ENABLE_TESTABILITY = NO;
				GCC_C_LANGUAGE_STANDARD = c11;
				GCC_INLINES_ARE_PRIVATE_EXTERN = YES;
				GCC_MODEL_TUNING = G5;
				GCC_NO_COMMON_BLOCKS = YES;
				GCC_SYMBOLS_PRIVATE_EXTERN = YES;
				GCC_WARN_64_TO_32_BIT_CONVERSION = YES;
				GCC_WARN_ABOUT_RETURN_TYPE = YES;
				GCC_WARN_CHECK_SWITCH_STATEMENTS = YES;
				GCC_WARN_MISSING_PARENTHESES = YES;
				GCC_WARN_NON_VIRTUAL_DESTRUCTOR = YES;
				GCC_WARN_TYPECHECK_CALLS_TO_PRINTF = YES;
				GCC_WARN_UNDECLARED_SELECTOR = YES;
				GCC_WARN_UNINITIALIZED_AUTOS = YES;
				GCC_WARN_UNUSED_FUNCTION = YES;
				GCC_WARN_UNUSED_VARIABLE = YES;
				ONLY_ACTIVE_ARCH = YES;
				PRODUCT_NAME = "MIDIVisualizer";
				SDKROOT = macosx;
				WARNING_CFLAGS = "-Wreorder";
				ZERO_LINK = NO;
			};
			name = Debug;
		};
		AFFF43D9B1A9F4C8B46C2E5E /* Debug */ = {
			isa = XCBuildConfiguration;
			buildSettings = {
				CLANG_CXX_LANGUAGE_STANDARD = "c++14";
				CLANG_CXX_LIBRARY = "libc++";
				CLANG_LINK_OBJC_RUNTIME = NO;
				CODE_SIGN_IDENTITY = "";
				COMBINE_HIDPI_IMAGES = YES;
				CONFIGURATION_BUILD_DIR = "$(PROJECT_DIR)/build/$(CONFIGURATION)";
				COPY_PHASE_STRIP = NO;
				DEPLOYMENT_LOCATION = YES;
				DSTROOT = /;
				GCC_DYNAMIC_NO_PIC = NO;
				GCC_OPTIMIZATION_LEVEL = 0;
				GCC_PREPROCESSOR_DEFINITIONS = (
					"_DEBUG=1",
					"DEBUG=1",
					"JUCE_DISPLAY_SPLASH_SCREEN=0",
					"JUCE_USE_DARK_SPLASH_SCREEN=1",
					"JUCE_PROJUCER_VERSION=0x60102",
					"JUCE_MODULE_AVAILABLE_juce_audio_basics=1",
					"JUCE_MODULE_AVAILABLE_juce_audio_devices=1",
					"JUCE_MODULE_AVAILABLE_juce_audio_formats=1",
					"JUCE_MODULE_AVAILABLE_juce_audio_plugin_client=1",
					"JUCE_MODULE_AVAILABLE_juce_audio_processors=1",
					"JUCE_MODULE_AVAILABLE_juce_audio_utils=1",
					"JUCE_MODULE_AVAILABLE_juce_core=1",
					"JUCE_MODULE_AVAILABLE_juce_data_structures=1",
					"JUCE_MODULE_AVAILABLE_juce_events=1",
					"JUCE_MODULE_AVAILABLE_juce_graphics=1",
					"JUCE_MODULE_AVAILABLE_juce_gui_basics=1",
					"JUCE_MODULE_AVAILABLE_juce_gui_extra=1",
					"JUCE_MODULE_AVAILABLE_juce_opengl=1",
					"JUCE_GLOBAL_MODULE_SETTINGS_INCLUDED=1",
					"JUCE_VST3_CAN_REPLACE_VST2=0",
					"JUCE_STRICT_REFCOUNTEDPOINTER=1",
					"JucePlugin_Build_VST=0",
					"JucePlugin_Build_VST3=0",
					"JucePlugin_Build_AU=1",
					"JucePlugin_Build_AUv3=0",
					"JucePlugin_Build_RTAS=0",
					"JucePlugin_Build_AAX=0",
					"JucePlugin_Build_Standalone=0",
					"JucePlugin_Build_Unity=0",
					"JucePlugin_Enable_IAA=0",
					"JucePlugin_Name=\\\"MIDIVisualizer\\\"",
					"JucePlugin_Desc=\\\"MIDIVisualizer\\\"",
					"JucePlugin_Manufacturer=\\\"yourcompany\\\"",
					"JucePlugin_ManufacturerWebsite=\\\"\\\"",
					"JucePlugin_ManufacturerEmail=\\\"\\\"",
					"JucePlugin_ManufacturerCode=0x4d616e75",
					"JucePlugin_PluginCode=0x56396869",
					"JucePlugin_IsSynth=1",
					"JucePlugin_WantsMidiInput=1",
					"JucePlugin_ProducesMidiOutput=1",
					"JucePlugin_IsMidiEffect=1",
					"JucePlugin_EditorRequiresKeyboardFocus=0",
					"JucePlugin_Version=1.0.0",
					"JucePlugin_VersionCode=0x10000",
					"JucePlugin_VersionString=\\\"1.0.0\\\"",
					"JucePlugin_VSTUniqueID=JucePlugin_PluginCode",
					"JucePlugin_VSTCategory=kPlugCategSynth",
					"JucePlugin_Vst3Category=\\\"Instrument|Synth\\\"",
					"JucePlugin_AUMainType='aumi'",
					"JucePlugin_AUSubType=JucePlugin_PluginCode",
					"JucePlugin_AUExportPrefix=MIDIVisualizerAU",
					"JucePlugin_AUExportPrefixQuoted=\\\"MIDIVisualizerAU\\\"",
					"JucePlugin_AUManufacturerCode=JucePlugin_ManufacturerCode",
					"JucePlugin_CFBundleIdentifier=com.yourcompany.MIDIVisualizer",
					"JucePlugin_RTASCategory=2048",
					"JucePlugin_RTASManufacturerCode=JucePlugin_ManufacturerCode",
					"JucePlugin_RTASProductId=JucePlugin_PluginCode",
					"JucePlugin_RTASDisableBypass=0",
					"JucePlugin_RTASDisableMultiMono=0",
					"JucePlugin_AAXIdentifier=com.yourcompany.MIDIVisualizer",
					"JucePlugin_AAXManufacturerCode=JucePlugin_ManufacturerCode",
					"JucePlugin_AAXProductId=JucePlugin_PluginCode",
					"JucePlugin_AAXCategory=2048",
					"JucePlugin_AAXDisableBypass=0",
					"JucePlugin_AAXDisableMultiMono=0",
					"JucePlugin_IAAType=0x61757269",
					"JucePlugin_IAASubType=JucePlugin_PluginCode",
					"JucePlugin_IAAName=\\\"yourcompany:\\ MIDIVisualizer\\\"",
					"JucePlugin_VSTNumMidiInputs=16",
					"JucePlugin_VSTNumMidiOutputs=16",
					"JUCE_STANDALONE_APPLICATION=JucePlugin_Build_Standalone",
					"JUCER_XCODE_MAC_F6D2F4CF=1",
					"JUCE_APP_VERSION=1.0.0",
					"JUCE_APP_VERSION_HEX=0x10000",
				);
				GCC_VERSION = com.apple.compilers.llvm.clang.1_0;
				GENERATE_PKGINFO_FILE = YES;
				HEADER_SEARCH_PATHS = (
					"$(SRCROOT)/../../JuceLibraryCode",
					"$(HOME)/repos/JUCE/modules",
					"$(HOME)/repos/JUCE/modules/juce_audio_plugin_client",
					"$(inherited)",
				);
				INFOPLIST_FILE = Info-AU.plist;
				INFOPLIST_PREPROCESS = NO;
				INSTALL_PATH = "/Library/Audio/Plug-Ins/Components";
				LIBRARY_STYLE = Bundle;
				MACOSX_DEPLOYMENT_TARGET = 10.11;
				MTL_HEADER_SEARCH_PATHS = "$(SRCROOT)/../../JuceLibraryCode $(HOME)/repos/JUCE/modules $(HOME)/repos/JUCE/modules/juce_audio_plugin_client";
				OTHER_LDFLAGS = "-bundle -lMIDIVisualizer";
				OTHER_REZFLAGS = "-d ppc_$ppc -d i386_$i386 -d ppc64_$ppc64 -d x86_64_$x86_64 -d arm64_$arm64 -I /System/Library/Frameworks/CoreServices.framework/Frameworks/CarbonCore.framework/Versions/A/Headers -I \"$(DEVELOPER_DIR)/Extras/CoreAudio/AudioUnits/AUPublic/AUBase\" -I \"$(DEVELOPER_DIR)/Platforms/MacOSX.platform/Developer/SDKs/MacOSX.sdk/System/Library/Frameworks/AudioUnit.framework/Headers\"";
				PRODUCT_BUNDLE_IDENTIFIER = com.yourcompany.MIDIVisualizer;
				PRODUCT_NAME = "MIDIVisualizer";
				USE_HEADERMAP = NO;
				VALIDATE_WORKSPACE_SKIPPED_SDK_FRAMEWORKS = OpenGL;
				VALID_ARCHS = "i386 x86_64 arm64 arm64e";
				WRAPPER_EXTENSION = component;
			};
			name = Debug;
		};
		B20A4F9937A078C7D70C8C29 /* Debug */ = {
			isa = XCBuildConfiguration;
			buildSettings = {
				MACOSX_DEPLOYMENT_TARGET = 10.11;
				SDKROOT = macosx;
			};
			name = Debug;
		};
		EB006F2289DEE47C6F5BD564 /* Debug */ = {
			isa = XCBuildConfiguration;
			buildSettings = {
				CLANG_CXX_LANGUAGE_STANDARD = "c++14";
				CLANG_CXX_LIBRARY = "libc++";
				CLANG_LINK_OBJC_RUNTIME = NO;
				CODE_SIGN_IDENTITY = "";
				COMBINE_HIDPI_IMAGES = YES;
				CONFIGURATION_BUILD_DIR = "$(PROJECT_DIR)/build/$(CONFIGURATION)";
				COPY_PHASE_STRIP = NO;
				GCC_DYNAMIC_NO_PIC = NO;
				GCC_OPTIMIZATION_LEVEL = 0;
				GCC_PREPROCESSOR_DEFINITIONS = (
					"_DEBUG=1",
					"DEBUG=1",
					"JUCE_DISPLAY_SPLASH_SCREEN=0",
					"JUCE_USE_DARK_SPLASH_SCREEN=1",
					"JUCE_PROJUCER_VERSION=0x60102",
					"JUCE_MODULE_AVAILABLE_juce_audio_basics=1",
					"JUCE_MODULE_AVAILABLE_juce_audio_devices=1",
					"JUCE_MODULE_AVAILABLE_juce_audio_formats=1",
					"JUCE_MODULE_AVAILABLE_juce_audio_plugin_client=1",
					"JUCE_MODULE_AVAILABLE_juce_audio_processors=1",
					"JUCE_MODULE_AVAILABLE_juce_audio_utils=1",
					"JUCE_MODULE_AVAILABLE_juce_core=1",
					"JUCE_MODULE_AVAILABLE_juce_data_structures=1",
					"JUCE_MODULE_AVAILABLE_juce_events=1",
					"JUCE_MODULE_AVAILABLE_juce_graphics=1",
					"JUCE_MODULE_AVAILABLE_juce_gui_basics=1",
					"JUCE_MODULE_AVAILABLE_juce_gui_extra=1",
					"JUCE_MODULE_AVAILABLE_juce_opengl=1",
					"JUCE_GLOBAL_MODULE_SETTINGS_INCLUDED=1",
					"JUCE_VST3_CAN_REPLACE_VST2=0",
					"JUCE_STRICT_REFCOUNTEDPOINTER=1",
					"JucePlugin_Build_VST=0",
					"JucePlugin_Build_VST3=0",
					"JucePlugin_Build_AU=1",
					"JucePlugin_Build_AUv3=0",
					"JucePlugin_Build_RTAS=0",
					"JucePlugin_Build_AAX=0",
					"JucePlugin_Build_Standalone=0",
					"JucePlugin_Build_Unity=0",
					"JucePlugin_Enable_IAA=0",
					"JucePlugin_Name=\\\"MIDIVisualizer\\\"",
					"JucePlugin_Desc=\\\"MIDIVisualizer\\\"",
					"JucePlugin_Manufacturer=\\\"yourcompany\\\"",
					"JucePlugin_ManufacturerWebsite=\\\"\\\"",
					"JucePlugin_ManufacturerEmail=\\\"\\\"",
					"JucePlugin_ManufacturerCode=0x4d616e75",
					"JucePlugin_PluginCode=0x56396869",
					"JucePlugin_IsSynth=1",
					"JucePlugin_WantsMidiInput=1",
					"JucePlugin_ProducesMidiOutput=1",
					"JucePlugin_IsMidiEffect=1",
					"JucePlugin_EditorRequiresKeyboardFocus=0",
					"JucePlugin_Version=1.0.0",
					"JucePlugin_VersionCode=0x10000",
					"JucePlugin_VersionString=\\\"1.0.0\\\"",
					"JucePlugin_VSTUniqueID=JucePlugin_PluginCode",
					"JucePlugin_VSTCategory=kPlugCategSynth",
					"JucePlugin_Vst3Category=\\\"Instrument|Synth\\\"",
					"JucePlugin_AUMainType='aumi'",
					"JucePlugin_AUSubType=JucePlugin_PluginCode",
					"JucePlugin_AUExportPrefix=MIDIVisualizerAU",
					"JucePlugin_AUExportPrefixQuoted=\\\"MIDIVisualizerAU\\\"",
					"JucePlugin_AUManufacturerCode=JucePlugin_ManufacturerCode",
					"JucePlugin_CFBundleIdentifier=com.yourcompany.MIDIVisualizer",
					"JucePlugin_RTASCategory=2048",
					"JucePlugin_RTASManufacturerCode=JucePlugin_ManufacturerCode",
					"JucePlugin_RTASProductId=JucePlugin_PluginCode",
					"JucePlugin_RTASDisableBypass=0",
					"JucePlugin_RTASDisableMultiMono=0",
					"JucePlugin_AAXIdentifier=com.yourcompany.MIDIVisualizer",
					"JucePlugin_AAXManufacturerCode=JucePlugin_ManufacturerCode",
					"JucePlugin_AAXProductId=JucePlugin_PluginCode",
					"JucePlugin_AAXCategory=2048",
					"JucePlugin_AAXDisableBypass=0",
					"JucePlugin_AAXDisableMultiMono=0",
					"JucePlugin_IAAType=0x61757269",
					"JucePlugin_IAASubType=JucePlugin_PluginCode",
					"JucePlugin_IAAName=\\\"yourcompany:\\ MIDIVisualizer\\\"",
					"JucePlugin_VSTNumMidiInputs=16",
					"JucePlugin_VSTNumMidiOutputs=16",
					"JUCE_STANDALONE_APPLICATION=JucePlugin_Build_Standalone",
					"JUCER_XCODE_MAC_F6D2F4CF=1",
					"JUCE_APP_VERSION=1.0.0",
					"JUCE_APP_VERSION_HEX=0x10000",
					"JUCE_SHARED_CODE=1",
				);
				GCC_VERSION = com.apple.compilers.llvm.clang.1_0;
				HEADER_SEARCH_PATHS = (
					"$(SRCROOT)/../../JuceLibraryCode",
					"$(HOME)/repos/JUCE/modules",
					"$(HOME)/repos/JUCE/modules/juce_audio_plugin_client",
					"$(inherited)",
				);
				INSTALL_PATH = "@executable_path/../Frameworks";
				MACOSX_DEPLOYMENT_TARGET = 10.11;
				MTL_HEADER_SEARCH_PATHS = "$(SRCROOT)/../../JuceLibraryCode $(HOME)/repos/JUCE/modules $(HOME)/repos/JUCE/modules/juce_audio_plugin_client";
				PRODUCT_BUNDLE_IDENTIFIER = com.yourcompany.MIDIVisualizer;
				PRODUCT_NAME = "MIDIVisualizer";
				SKIP_INSTALL = YES;
				USE_HEADERMAP = NO;
				VALIDATE_WORKSPACE_SKIPPED_SDK_FRAMEWORKS = OpenGL;
				VALID_ARCHS = "i386 x86_64 arm64 arm64e";
			};
			name = Debug;
		};
		F438ED26B7B5D3C12719FAA0 /* Release */ = {
			isa = XCBuildConfiguration;
			buildSettings = {
				CLANG_CXX_LANGUAGE_STANDARD = "c++14";
				CLANG_CXX_LIBRARY = "libc++";
				CLANG_LINK_OBJC_RUNTIME = NO;
				CODE_SIGN_IDENTITY = "";
				COMBINE_HIDPI_IMAGES = YES;
				CONFIGURATION_BUILD_DIR = "$(PROJECT_DIR)/build/$(CONFIGURATION)";
				DEAD_CODE_STRIPPING = YES;
				GCC_GENERATE_DEBUGGING_SYMBOLS = NO;
				GCC_OPTIMIZATION_LEVEL = 3;
				GCC_PREPROCESSOR_DEFINITIONS = (
					"_NDEBUG=1",
					"NDEBUG=1",
					"JUCE_DISPLAY_SPLASH_SCREEN=0",
					"JUCE_USE_DARK_SPLASH_SCREEN=1",
					"JUCE_PROJUCER_VERSION=0x60102",
					"JUCE_MODULE_AVAILABLE_juce_audio_basics=1",
					"JUCE_MODULE_AVAILABLE_juce_audio_devices=1",
					"JUCE_MODULE_AVAILABLE_juce_audio_formats=1",
					"JUCE_MODULE_AVAILABLE_juce_audio_plugin_client=1",
					"JUCE_MODULE_AVAILABLE_juce_audio_processors=1",
					"JUCE_MODULE_AVAILABLE_juce_audio_utils=1",
					"JUCE_MODULE_AVAILABLE_juce_core=1",
					"JUCE_MODULE_AVAILABLE_juce_data_structures=1",
					"JUCE_MODULE_AVAILABLE_juce_events=1",
					"JUCE_MODULE_AVAILABLE_juce_graphics=1",
					"JUCE_MODULE_AVAILABLE_juce_gui_basics=1",
					"JUCE_MODULE_AVAILABLE_juce_gui_extra=1",
					"JUCE_MODULE_AVAILABLE_juce_opengl=1",
					"JUCE_GLOBAL_MODULE_SETTINGS_INCLUDED=1",
					"JUCE_VST3_CAN_REPLACE_VST2=0",
					"JUCE_STRICT_REFCOUNTEDPOINTER=1",
					"JucePlugin_Build_VST=0",
					"JucePlugin_Build_VST3=0",
					"JucePlugin_Build_AU=1",
					"JucePlugin_Build_AUv3=0",
					"JucePlugin_Build_RTAS=0",
					"JucePlugin_Build_AAX=0",
					"JucePlugin_Build_Standalone=0",
					"JucePlugin_Build_Unity=0",
					"JucePlugin_Enable_IAA=0",
					"JucePlugin_Name=\\\"MIDIVisualizer\\\"",
					"JucePlugin_Desc=\\\"MIDIVisualizer\\\"",
					"JucePlugin_Manufacturer=\\\"yourcompany\\\"",
					"JucePlugin_ManufacturerWebsite=\\\"\\\"",
					"JucePlugin_ManufacturerEmail=\\\"\\\"",
					"JucePlugin_ManufacturerCode=0x4d616e75",
					"JucePlugin_PluginCode=0x56396869",
					"JucePlugin_IsSynth=1",
					"JucePlugin_WantsMidiInput=1",
					"JucePlugin_ProducesMidiOutput=1",
					"JucePlugin_IsMidiEffect=1",
					"JucePlugin_EditorRequiresKeyboardFocus=0",
					"JucePlugin_Version=1.0.0",
					"JucePlugin_VersionCode=0x10000",
					"JucePlugin_VersionString=\\\"1.0.0\\\"",
					"JucePlugin_VSTUniqueID=JucePlugin_PluginCode",
					"JucePlugin_VSTCategory=kPlugCategSynth",
					"JucePlugin_Vst3Category=\\\"Instrument|Synth\\\"",
					"JucePlugin_AUMainType='aumi'",
					"JucePlugin_AUSubType=JucePlugin_PluginCode",
					"JucePlugin_AUExportPrefix=MIDIVisualizerAU",
					"JucePlugin_AUExportPrefixQuoted=\\\"MIDIVisualizerAU\\\"",
					"JucePlugin_AUManufacturerCode=JucePlugin_ManufacturerCode",
					"JucePlugin_CFBundleIdentifier=com.yourcompany.MIDIVisualizer",
					"JucePlugin_RTASCategory=2048",
					"JucePlugin_RTASManufacturerCode=JucePlugin_ManufacturerCode",
					"JucePlugin_RTASProductId=JucePlugin_PluginCode",
					"JucePlugin_RTASDisableBypass=0",
					"JucePlugin_RTASDisableMultiMono=0",
					"JucePlugin_AAXIdentifier=com.yourcompany.MIDIVisualizer",
					"JucePlugin_AAXManufacturerCode=JucePlugin_ManufacturerCode",
					"JucePlugin_AAXProductId=JucePlugin_PluginCode",
					"JucePlugin_AAXCategory=2048",
					"JucePlugin_AAXDisableBypass=0",
					"JucePlugin_AAXDisableMultiMono=0",
					"JucePlugin_IAAType=0x61757269",
					"JucePlugin_IAASubType=JucePlugin_PluginCode",
					"JucePlugin_IAAName=\\\"yourcompany:\\ MIDIVisualizer\\\"",
					"JucePlugin_VSTNumMidiInputs=16",
					"JucePlugin_VSTNumMidiOutputs=16",
					"JUCE_STANDALONE_APPLICATION=JucePlugin_Build_Standalone",
					"JUCER_XCODE_MAC_F6D2F4CF=1",
					"JUCE_APP_VERSION=1.0.0",
					"JUCE_APP_VERSION_HEX=0x10000",
					"JUCE_SHARED_CODE=1",
				);
				GCC_VERSION = com.apple.compilers.llvm.clang.1_0;
				HEADER_SEARCH_PATHS = (
					"$(SRCROOT)/../../JuceLibraryCode",
					"$(HOME)/repos/JUCE/modules",
					"$(HOME)/repos/JUCE/modules/juce_audio_plugin_client",
					"$(inherited)",
				);
				INSTALL_PATH = "@executable_path/../Frameworks";
				LLVM_LTO = YES;
				MACOSX_DEPLOYMENT_TARGET = 10.11;
				MTL_HEADER_SEARCH_PATHS = "$(SRCROOT)/../../JuceLibraryCode $(HOME)/repos/JUCE/modules $(HOME)/repos/JUCE/modules/juce_audio_plugin_client";
				PRODUCT_BUNDLE_IDENTIFIER = com.yourcompany.MIDIVisualizer;
				PRODUCT_NAME = "MIDIVisualizer";
				SKIP_INSTALL = YES;
				USE_HEADERMAP = NO;
				VALIDATE_WORKSPACE_SKIPPED_SDK_FRAMEWORKS = OpenGL;
				VALID_ARCHS = "i386 x86_64 arm64 arm64e";
			};
			name = Release;
		};
		FE7865A5CF558A1F2E29A789 /* Release */ = {
			isa = XCBuildConfiguration;
			buildSettings = {
				MACOSX_DEPLOYMENT_TARGET = 10.11;
				SDKROOT = macosx;
			};
			name = Release;
		};
/* End XCBuildConfiguration section */

/* Begin XCConfigurationList section */
		3975F3C23E7E4144C8A75F9B = {
			isa = XCConfigurationList;
			buildConfigurations = (
				AFFF43D9B1A9F4C8B46C2E5E,
				4A9E70164AB84EEED552BE5D,
			);
			defaultConfigurationIsVisible = 0;
			defaultConfigurationName = Debug;
		};
		7EEC32F9AAFEFD62CFE6D37D = {
			isa = XCConfigurationList;
			buildConfigurations = (
				EB006F2289DEE47C6F5BD564,
				F438ED26B7B5D3C12719FAA0,
			);
			defaultConfigurationIsVisible = 0;
			defaultConfigurationName = Debug;
		};
		AAE5D59CFABDA59F5993CE0D = {
			isa = XCConfigurationList;
			buildConfigurations = (
				B20A4F9937A078C7D70C8C29,
				FE7865A5CF558A1F2E29A789,
			);
			defaultConfigurationIsVisible = 0;
			defaultConfigurationName = Debug;
		};
		CE7C2BDC67A3911F8DC9BEEE = {
			isa = XCConfigurationList;
			buildConfigurations = (
				4829B1F63212D224602BE600,
				94E197BD5C8465B3483DC2FD,
			);
			defaultConfigurationIsVisible = 0;
			defaultConfigurationName = Debug;
		};
/* End XCConfigurationList section */
	};
	rootObject = EE9AB6AD16A3A66202C37D18 /* Project object */;
}
